// !$*UTF8*$!
{
	archiveVersion = 1;
	classes = {
	};
	objectVersion = 46;
	objects = {

/* Begin PBXBuildFile section */
		2DC112365B2EE44014A2D2F2 /* Pods_NNUtils_Example.framework in Frameworks */ = {isa = PBXBuildFile; fileRef = 5F23C11E1BF8B79DE08D925D /* Pods_NNUtils_Example.framework */; };
		5CBA5D2022698616000FAAB0 /* MainWindowFactory.swift in Sources */ = {isa = PBXBuildFile; fileRef = 5CBA5D1F22698616000FAAB0 /* MainWindowFactory.swift */; };
		5CBA5D22226986D0000FAAB0 /* UIColor+DemoApp.swift in Sources */ = {isa = PBXBuildFile; fileRef = 5CBA5D21226986D0000FAAB0 /* UIColor+DemoApp.swift */; };
		5CBA5D2522698773000FAAB0 /* DemoPageViewController.swift in Sources */ = {isa = PBXBuildFile; fileRef = 5CBA5D2322698773000FAAB0 /* DemoPageViewController.swift */; };
		5CBA5D2622698773000FAAB0 /* DemoPageViewController.xib in Resources */ = {isa = PBXBuildFile; fileRef = 5CBA5D2422698773000FAAB0 /* DemoPageViewController.xib */; };
		5CBA5D2D2269A9D5000FAAB0 /* UINavigationControllerFactory.swift in Sources */ = {isa = PBXBuildFile; fileRef = 5CBA5D2B2269A9D5000FAAB0 /* UINavigationControllerFactory.swift */; };
		5CBA5D2E2269A9D5000FAAB0 /* UITabBarControllerFactory.swift in Sources */ = {isa = PBXBuildFile; fileRef = 5CBA5D2C2269A9D5000FAAB0 /* UITabBarControllerFactory.swift */; };
		5CBA5D312269AB18000FAAB0 /* ViewController1.swift in Sources */ = {isa = PBXBuildFile; fileRef = 5CBA5D2F2269AB18000FAAB0 /* ViewController1.swift */; };
		5CBA5D322269AB18000FAAB0 /* ViewController1.xib in Resources */ = {isa = PBXBuildFile; fileRef = 5CBA5D302269AB18000FAAB0 /* ViewController1.xib */; };
		5CBA5D352269AB2D000FAAB0 /* ViewController2.swift in Sources */ = {isa = PBXBuildFile; fileRef = 5CBA5D332269AB2D000FAAB0 /* ViewController2.swift */; };
		5CBA5D362269AB2D000FAAB0 /* ViewController2.xib in Resources */ = {isa = PBXBuildFile; fileRef = 5CBA5D342269AB2D000FAAB0 /* ViewController2.xib */; };
		5CBA5D392269AB3B000FAAB0 /* ViewController3.swift in Sources */ = {isa = PBXBuildFile; fileRef = 5CBA5D372269AB3B000FAAB0 /* ViewController3.swift */; };
		5CBA5D3A2269AB3B000FAAB0 /* ViewController3.xib in Resources */ = {isa = PBXBuildFile; fileRef = 5CBA5D382269AB3B000FAAB0 /* ViewController3.xib */; };
		5CF5ED4422798FC200A0C469 /* ViewController4.swift in Sources */ = {isa = PBXBuildFile; fileRef = 5CF5ED4222798FC200A0C469 /* ViewController4.swift */; };
		5CF5ED4522798FC200A0C469 /* ViewController4.xib in Resources */ = {isa = PBXBuildFile; fileRef = 5CF5ED4322798FC200A0C469 /* ViewController4.xib */; };
		607FACD61AFB9204008FA782 /* AppDelegate.swift in Sources */ = {isa = PBXBuildFile; fileRef = 607FACD51AFB9204008FA782 /* AppDelegate.swift */; };
		607FACDB1AFB9204008FA782 /* Main.storyboard in Resources */ = {isa = PBXBuildFile; fileRef = 607FACD91AFB9204008FA782 /* Main.storyboard */; };
		607FACDD1AFB9204008FA782 /* Images.xcassets in Resources */ = {isa = PBXBuildFile; fileRef = 607FACDC1AFB9204008FA782 /* Images.xcassets */; };
		607FACE01AFB9204008FA782 /* LaunchScreen.xib in Resources */ = {isa = PBXBuildFile; fileRef = 607FACDE1AFB9204008FA782 /* LaunchScreen.xib */; };
/* End PBXBuildFile section */

/* Begin PBXFileReference section */
		331E0E2B4B59E6CFBAD47A4C /* NNUtils.podspec */ = {isa = PBXFileReference; includeInIndex = 1; lastKnownFileType = text; name = NNUtils.podspec; path = ../NNUtils.podspec; sourceTree = "<group>"; xcLanguageSpecificationIdentifier = xcode.lang.ruby; };
		3355EE464E50DC5CDCF69670 /* LICENSE */ = {isa = PBXFileReference; includeInIndex = 1; lastKnownFileType = text; name = LICENSE; path = ../LICENSE; sourceTree = "<group>"; };
		4AF6A7907270F70F3FE3C55C /* Pods_NNUtils_Tests.framework */ = {isa = PBXFileReference; explicitFileType = wrapper.framework; includeInIndex = 0; path = Pods_NNUtils_Tests.framework; sourceTree = BUILT_PRODUCTS_DIR; };
		53E164BC4F77A4ED02E5081C /* Pods-NNUtils_Example.release.xcconfig */ = {isa = PBXFileReference; includeInIndex = 1; lastKnownFileType = text.xcconfig; name = "Pods-NNUtils_Example.release.xcconfig"; path = "Target Support Files/Pods-NNUtils_Example/Pods-NNUtils_Example.release.xcconfig"; sourceTree = "<group>"; };
		591228EBA0532F077C908787 /* Pods-NNUtils_Tests.debug.xcconfig */ = {isa = PBXFileReference; includeInIndex = 1; lastKnownFileType = text.xcconfig; name = "Pods-NNUtils_Tests.debug.xcconfig"; path = "Target Support Files/Pods-NNUtils_Tests/Pods-NNUtils_Tests.debug.xcconfig"; sourceTree = "<group>"; };
		5CBA5D1F22698616000FAAB0 /* MainWindowFactory.swift */ = {isa = PBXFileReference; fileEncoding = 4; lastKnownFileType = sourcecode.swift; name = MainWindowFactory.swift; path = Factories/MainWindowFactory.swift; sourceTree = "<group>"; };
		5CBA5D21226986D0000FAAB0 /* UIColor+DemoApp.swift */ = {isa = PBXFileReference; lastKnownFileType = sourcecode.swift; path = "UIColor+DemoApp.swift"; sourceTree = "<group>"; };
		5CBA5D2322698773000FAAB0 /* DemoPageViewController.swift */ = {isa = PBXFileReference; fileEncoding = 4; lastKnownFileType = sourcecode.swift; path = DemoPageViewController.swift; sourceTree = "<group>"; };
		5CBA5D2422698773000FAAB0 /* DemoPageViewController.xib */ = {isa = PBXFileReference; fileEncoding = 4; lastKnownFileType = file.xib; path = DemoPageViewController.xib; sourceTree = "<group>"; };
		5CBA5D2B2269A9D5000FAAB0 /* UINavigationControllerFactory.swift */ = {isa = PBXFileReference; fileEncoding = 4; lastKnownFileType = sourcecode.swift; name = UINavigationControllerFactory.swift; path = Factories/UINavigationControllerFactory.swift; sourceTree = "<group>"; };
		5CBA5D2C2269A9D5000FAAB0 /* UITabBarControllerFactory.swift */ = {isa = PBXFileReference; fileEncoding = 4; lastKnownFileType = sourcecode.swift; name = UITabBarControllerFactory.swift; path = Factories/UITabBarControllerFactory.swift; sourceTree = "<group>"; };
		5CBA5D2F2269AB18000FAAB0 /* ViewController1.swift */ = {isa = PBXFileReference; lastKnownFileType = sourcecode.swift; path = ViewController1.swift; sourceTree = "<group>"; };
		5CBA5D302269AB18000FAAB0 /* ViewController1.xib */ = {isa = PBXFileReference; lastKnownFileType = file.xib; path = ViewController1.xib; sourceTree = "<group>"; };
		5CBA5D332269AB2D000FAAB0 /* ViewController2.swift */ = {isa = PBXFileReference; lastKnownFileType = sourcecode.swift; path = ViewController2.swift; sourceTree = "<group>"; };
		5CBA5D342269AB2D000FAAB0 /* ViewController2.xib */ = {isa = PBXFileReference; lastKnownFileType = file.xib; path = ViewController2.xib; sourceTree = "<group>"; };
		5CBA5D372269AB3B000FAAB0 /* ViewController3.swift */ = {isa = PBXFileReference; lastKnownFileType = sourcecode.swift; path = ViewController3.swift; sourceTree = "<group>"; };
		5CBA5D382269AB3B000FAAB0 /* ViewController3.xib */ = {isa = PBXFileReference; lastKnownFileType = file.xib; path = ViewController3.xib; sourceTree = "<group>"; };
		5CF5ED4222798FC200A0C469 /* ViewController4.swift */ = {isa = PBXFileReference; lastKnownFileType = sourcecode.swift; path = ViewController4.swift; sourceTree = "<group>"; };
		5CF5ED4322798FC200A0C469 /* ViewController4.xib */ = {isa = PBXFileReference; lastKnownFileType = file.xib; path = ViewController4.xib; sourceTree = "<group>"; };
		5F23C11E1BF8B79DE08D925D /* Pods_NNUtils_Example.framework */ = {isa = PBXFileReference; explicitFileType = wrapper.framework; includeInIndex = 0; path = Pods_NNUtils_Example.framework; sourceTree = BUILT_PRODUCTS_DIR; };
		607FACD01AFB9204008FA782 /* NNUtils_Example.app */ = {isa = PBXFileReference; explicitFileType = wrapper.application; includeInIndex = 0; path = NNUtils_Example.app; sourceTree = BUILT_PRODUCTS_DIR; };
		607FACD41AFB9204008FA782 /* Info.plist */ = {isa = PBXFileReference; lastKnownFileType = text.plist.xml; path = Info.plist; sourceTree = "<group>"; };
		607FACD51AFB9204008FA782 /* AppDelegate.swift */ = {isa = PBXFileReference; lastKnownFileType = sourcecode.swift; path = AppDelegate.swift; sourceTree = "<group>"; };
		607FACDA1AFB9204008FA782 /* Base */ = {isa = PBXFileReference; lastKnownFileType = file.storyboard; name = Base; path = Base.lproj/Main.storyboard; sourceTree = "<group>"; };
		607FACDC1AFB9204008FA782 /* Images.xcassets */ = {isa = PBXFileReference; lastKnownFileType = folder.assetcatalog; path = Images.xcassets; sourceTree = "<group>"; };
		607FACDF1AFB9204008FA782 /* Base */ = {isa = PBXFileReference; lastKnownFileType = file.xib; name = Base; path = Base.lproj/LaunchScreen.xib; sourceTree = "<group>"; };
		607FACEA1AFB9204008FA782 /* Info.plist */ = {isa = PBXFileReference; lastKnownFileType = text.plist.xml; path = Info.plist; sourceTree = "<group>"; };
		607FACEB1AFB9204008FA782 /* Tests.swift */ = {isa = PBXFileReference; lastKnownFileType = sourcecode.swift; path = Tests.swift; sourceTree = "<group>"; };
		7B6D826F9B9DA9BA5DFBCEEA /* Pods-NNUtils_Example.debug.xcconfig */ = {isa = PBXFileReference; includeInIndex = 1; lastKnownFileType = text.xcconfig; name = "Pods-NNUtils_Example.debug.xcconfig"; path = "Target Support Files/Pods-NNUtils_Example/Pods-NNUtils_Example.debug.xcconfig"; sourceTree = "<group>"; };
		9664A4DE18BADA52199ACF7E /* README.md */ = {isa = PBXFileReference; includeInIndex = 1; lastKnownFileType = net.daringfireball.markdown; name = README.md; path = ../README.md; sourceTree = "<group>"; };
		CC9CC9DD9EFF2B3CE7CAACB4 /* Pods-NNUtils_Tests.release.xcconfig */ = {isa = PBXFileReference; includeInIndex = 1; lastKnownFileType = text.xcconfig; name = "Pods-NNUtils_Tests.release.xcconfig"; path = "Target Support Files/Pods-NNUtils_Tests/Pods-NNUtils_Tests.release.xcconfig"; sourceTree = "<group>"; };
/* End PBXFileReference section */

/* Begin PBXFrameworksBuildPhase section */
		607FACCD1AFB9204008FA782 /* Frameworks */ = {
			isa = PBXFrameworksBuildPhase;
			buildActionMask = 2147483647;
			files = (
				2DC112365B2EE44014A2D2F2 /* Pods_NNUtils_Example.framework in Frameworks */,
			);
			runOnlyForDeploymentPostprocessing = 0;
		};
/* End PBXFrameworksBuildPhase section */

/* Begin PBXGroup section */
		1A6ED023C09D8C4D1B74FDE8 /* Pods */ = {
			isa = PBXGroup;
			children = (
				7B6D826F9B9DA9BA5DFBCEEA /* Pods-NNUtils_Example.debug.xcconfig */,
				53E164BC4F77A4ED02E5081C /* Pods-NNUtils_Example.release.xcconfig */,
				591228EBA0532F077C908787 /* Pods-NNUtils_Tests.debug.xcconfig */,
				CC9CC9DD9EFF2B3CE7CAACB4 /* Pods-NNUtils_Tests.release.xcconfig */,
			);
			path = Pods;
			sourceTree = "<group>";
		};
		5CBA5D1E226985EA000FAAB0 /* Factories */ = {
			isa = PBXGroup;
			children = (
				5CBA5D2B2269A9D5000FAAB0 /* UINavigationControllerFactory.swift */,
				5CBA5D2C2269A9D5000FAAB0 /* UITabBarControllerFactory.swift */,
				5CBA5D1F22698616000FAAB0 /* MainWindowFactory.swift */,
			);
			name = Factories;
			sourceTree = "<group>";
		};
		607FACC71AFB9204008FA782 = {
			isa = PBXGroup;
			children = (
				607FACF51AFB993E008FA782 /* Podspec Metadata */,
				607FACD21AFB9204008FA782 /* Example for NNUtils */,
				607FACE81AFB9204008FA782 /* Tests */,
				607FACD11AFB9204008FA782 /* Products */,
				1A6ED023C09D8C4D1B74FDE8 /* Pods */,
				95E7D883FA5CB4D6F35CBB60 /* Frameworks */,
			);
			sourceTree = "<group>";
		};
		607FACD11AFB9204008FA782 /* Products */ = {
			isa = PBXGroup;
			children = (
				607FACD01AFB9204008FA782 /* NNUtils_Example.app */,
			);
			name = Products;
			sourceTree = "<group>";
		};
		607FACD21AFB9204008FA782 /* Example for NNUtils */ = {
			isa = PBXGroup;
			children = (
				5CBA5D1E226985EA000FAAB0 /* Factories */,
				607FACD51AFB9204008FA782 /* AppDelegate.swift */,
				5CBA5D2322698773000FAAB0 /* DemoPageViewController.swift */,
				5CBA5D372269AB3B000FAAB0 /* ViewController3.swift */,
				5CBA5D382269AB3B000FAAB0 /* ViewController3.xib */,
				5CBA5D332269AB2D000FAAB0 /* ViewController2.swift */,
				5CBA5D342269AB2D000FAAB0 /* ViewController2.xib */,
				5CBA5D2F2269AB18000FAAB0 /* ViewController1.swift */,
				5CBA5D302269AB18000FAAB0 /* ViewController1.xib */,
				5CBA5D2422698773000FAAB0 /* DemoPageViewController.xib */,
				5CBA5D21226986D0000FAAB0 /* UIColor+DemoApp.swift */,
				607FACD91AFB9204008FA782 /* Main.storyboard */,
				607FACDC1AFB9204008FA782 /* Images.xcassets */,
				607FACDE1AFB9204008FA782 /* LaunchScreen.xib */,
				607FACD31AFB9204008FA782 /* Supporting Files */,
				5CF5ED4222798FC200A0C469 /* ViewController4.swift */,
				5CF5ED4322798FC200A0C469 /* ViewController4.xib */,
			);
			name = "Example for NNUtils";
			path = NNUtils;
			sourceTree = "<group>";
		};
		607FACD31AFB9204008FA782 /* Supporting Files */ = {
			isa = PBXGroup;
			children = (
				607FACD41AFB9204008FA782 /* Info.plist */,
			);
			name = "Supporting Files";
			sourceTree = "<group>";
		};
		607FACE81AFB9204008FA782 /* Tests */ = {
			isa = PBXGroup;
			children = (
				607FACEB1AFB9204008FA782 /* Tests.swift */,
				607FACE91AFB9204008FA782 /* Supporting Files */,
			);
			path = Tests;
			sourceTree = "<group>";
		};
		607FACE91AFB9204008FA782 /* Supporting Files */ = {
			isa = PBXGroup;
			children = (
				607FACEA1AFB9204008FA782 /* Info.plist */,
			);
			name = "Supporting Files";
			sourceTree = "<group>";
		};
		607FACF51AFB993E008FA782 /* Podspec Metadata */ = {
			isa = PBXGroup;
			children = (
				331E0E2B4B59E6CFBAD47A4C /* NNUtils.podspec */,
				9664A4DE18BADA52199ACF7E /* README.md */,
				3355EE464E50DC5CDCF69670 /* LICENSE */,
			);
			name = "Podspec Metadata";
			sourceTree = "<group>";
		};
		95E7D883FA5CB4D6F35CBB60 /* Frameworks */ = {
			isa = PBXGroup;
			children = (
				5F23C11E1BF8B79DE08D925D /* Pods_NNUtils_Example.framework */,
				4AF6A7907270F70F3FE3C55C /* Pods_NNUtils_Tests.framework */,
			);
			name = Frameworks;
			sourceTree = "<group>";
		};
/* End PBXGroup section */

/* Begin PBXNativeTarget section */
		607FACCF1AFB9204008FA782 /* NNUtils_Example */ = {
			isa = PBXNativeTarget;
			buildConfigurationList = 607FACEF1AFB9204008FA782 /* Build configuration list for PBXNativeTarget "NNUtils_Example" */;
			buildPhases = (
				FD5A83E2492D88684E2F8F58 /* [CP] Check Pods Manifest.lock */,
				607FACCC1AFB9204008FA782 /* Sources */,
				607FACCD1AFB9204008FA782 /* Frameworks */,
				607FACCE1AFB9204008FA782 /* Resources */,
				116D097B884C08CCE97B81C7 /* [CP] Embed Pods Frameworks */,
			);
			buildRules = (
			);
			dependencies = (
			);
			name = NNUtils_Example;
			productName = NNUtils;
			productReference = 607FACD01AFB9204008FA782 /* NNUtils_Example.app */;
			productType = "com.apple.product-type.application";
		};
/* End PBXNativeTarget section */

/* Begin PBXProject section */
		607FACC81AFB9204008FA782 /* Project object */ = {
			isa = PBXProject;
			attributes = {
				LastSwiftUpdateCheck = 0830;
				LastUpgradeCheck = 0830;
				ORGANIZATIONNAME = CocoaPods;
				TargetAttributes = {
					607FACCF1AFB9204008FA782 = {
						CreatedOnToolsVersion = 6.3.1;
						LastSwiftMigration = 1020;
					};
				};
			};
			buildConfigurationList = 607FACCB1AFB9204008FA782 /* Build configuration list for PBXProject "NNUtils" */;
			compatibilityVersion = "Xcode 3.2";
			developmentRegion = English;
			hasScannedForEncodings = 0;
			knownRegions = (
				English,
				en,
				Base,
			);
			mainGroup = 607FACC71AFB9204008FA782;
			productRefGroup = 607FACD11AFB9204008FA782 /* Products */;
			projectDirPath = "";
			projectRoot = "";
			targets = (
				607FACCF1AFB9204008FA782 /* NNUtils_Example */,
			);
		};
/* End PBXProject section */

/* Begin PBXResourcesBuildPhase section */
		607FACCE1AFB9204008FA782 /* Resources */ = {
			isa = PBXResourcesBuildPhase;
			buildActionMask = 2147483647;
			files = (
				5CBA5D2622698773000FAAB0 /* DemoPageViewController.xib in Resources */,
				5CBA5D322269AB18000FAAB0 /* ViewController1.xib in Resources */,
				607FACDB1AFB9204008FA782 /* Main.storyboard in Resources */,
				5CBA5D362269AB2D000FAAB0 /* ViewController2.xib in Resources */,
				607FACE01AFB9204008FA782 /* LaunchScreen.xib in Resources */,
				5CBA5D3A2269AB3B000FAAB0 /* ViewController3.xib in Resources */,
				607FACDD1AFB9204008FA782 /* Images.xcassets in Resources */,
				5CF5ED4522798FC200A0C469 /* ViewController4.xib in Resources */,
			);
			runOnlyForDeploymentPostprocessing = 0;
		};
/* End PBXResourcesBuildPhase section */

/* Begin PBXShellScriptBuildPhase section */
		116D097B884C08CCE97B81C7 /* [CP] Embed Pods Frameworks */ = {
			isa = PBXShellScriptBuildPhase;
			buildActionMask = 2147483647;
			files = (
			);
			inputPaths = (
				"${PODS_ROOT}/Target Support Files/Pods-NNUtils_Example/Pods-NNUtils_Example-frameworks.sh",
				"${BUILT_PRODUCTS_DIR}/NNUtils/NNUtils.framework",
			);
			name = "[CP] Embed Pods Frameworks";
			outputPaths = (
				"${TARGET_BUILD_DIR}/${FRAMEWORKS_FOLDER_PATH}/NNUtils.framework",
			);
			runOnlyForDeploymentPostprocessing = 0;
			shellPath = /bin/sh;
			shellScript = "\"${PODS_ROOT}/Target Support Files/Pods-NNUtils_Example/Pods-NNUtils_Example-frameworks.sh\"\n";
			showEnvVarsInLog = 0;
		};
		FD5A83E2492D88684E2F8F58 /* [CP] Check Pods Manifest.lock */ = {
			isa = PBXShellScriptBuildPhase;
			buildActionMask = 2147483647;
			files = (
			);
			inputFileListPaths = (
			);
			inputPaths = (
				"${PODS_PODFILE_DIR_PATH}/Podfile.lock",
				"${PODS_ROOT}/Manifest.lock",
			);
			name = "[CP] Check Pods Manifest.lock";
			outputFileListPaths = (
			);
			outputPaths = (
				"$(DERIVED_FILE_DIR)/Pods-NNUtils_Example-checkManifestLockResult.txt",
			);
			runOnlyForDeploymentPostprocessing = 0;
			shellPath = /bin/sh;
			shellScript = "diff \"${PODS_PODFILE_DIR_PATH}/Podfile.lock\" \"${PODS_ROOT}/Manifest.lock\" > /dev/null\nif [ $? != 0 ] ; then\n    # print error to STDERR\n    echo \"error: The sandbox is not in sync with the Podfile.lock. Run 'pod install' or update your CocoaPods installation.\" >&2\n    exit 1\nfi\n# This output is used by Xcode 'outputs' to avoid re-running this script phase.\necho \"SUCCESS\" > \"${SCRIPT_OUTPUT_FILE_0}\"\n";
			showEnvVarsInLog = 0;
		};
/* End PBXShellScriptBuildPhase section */

/* Begin PBXSourcesBuildPhase section */
		607FACCC1AFB9204008FA782 /* Sources */ = {
			isa = PBXSourcesBuildPhase;
			buildActionMask = 2147483647;
			files = (
				5CBA5D392269AB3B000FAAB0 /* ViewController3.swift in Sources */,
				5CBA5D312269AB18000FAAB0 /* ViewController1.swift in Sources */,
				5CF5ED4422798FC200A0C469 /* ViewController4.swift in Sources */,
				5CBA5D2022698616000FAAB0 /* MainWindowFactory.swift in Sources */,
				5CBA5D352269AB2D000FAAB0 /* ViewController2.swift in Sources */,
				5CBA5D2522698773000FAAB0 /* DemoPageViewController.swift in Sources */,
				5CBA5D22226986D0000FAAB0 /* UIColor+DemoApp.swift in Sources */,
				5CBA5D2D2269A9D5000FAAB0 /* UINavigationControllerFactory.swift in Sources */,
				5CBA5D2E2269A9D5000FAAB0 /* UITabBarControllerFactory.swift in Sources */,
				607FACD61AFB9204008FA782 /* AppDelegate.swift in Sources */,
			);
			runOnlyForDeploymentPostprocessing = 0;
		};
/* End PBXSourcesBuildPhase section */

/* Begin PBXVariantGroup section */
		607FACD91AFB9204008FA782 /* Main.storyboard */ = {
			isa = PBXVariantGroup;
			children = (
				607FACDA1AFB9204008FA782 /* Base */,
			);
			name = Main.storyboard;
			sourceTree = "<group>";
		};
		607FACDE1AFB9204008FA782 /* LaunchScreen.xib */ = {
			isa = PBXVariantGroup;
			children = (
				607FACDF1AFB9204008FA782 /* Base */,
			);
			name = LaunchScreen.xib;
			sourceTree = "<group>";
		};
/* End PBXVariantGroup section */

/* Begin XCBuildConfiguration section */
		607FACED1AFB9204008FA782 /* Debug */ = {
			isa = XCBuildConfiguration;
			buildSettings = {
				ALWAYS_SEARCH_USER_PATHS = NO;
				CLANG_CXX_LANGUAGE_STANDARD = "gnu++0x";
				CLANG_CXX_LIBRARY = "libc++";
				CLANG_ENABLE_MODULES = YES;
				CLANG_ENABLE_OBJC_ARC = YES;
				CLANG_WARN_BLOCK_CAPTURE_AUTORELEASING = YES;
				CLANG_WARN_BOOL_CONVERSION = YES;
				CLANG_WARN_COMMA = YES;
				CLANG_WARN_CONSTANT_CONVERSION = YES;
				CLANG_WARN_DIRECT_OBJC_ISA_USAGE = YES_ERROR;
				CLANG_WARN_EMPTY_BODY = YES;
				CLANG_WARN_ENUM_CONVERSION = YES;
				CLANG_WARN_INFINITE_RECURSION = YES;
				CLANG_WARN_INT_CONVERSION = YES;
				CLANG_WARN_NON_LITERAL_NULL_CONVERSION = YES;
				CLANG_WARN_OBJC_LITERAL_CONVERSION = YES;
				CLANG_WARN_OBJC_ROOT_CLASS = YES_ERROR;
				CLANG_WARN_RANGE_LOOP_ANALYSIS = YES;
				CLANG_WARN_STRICT_PROTOTYPES = YES;
				CLANG_WARN_SUSPICIOUS_MOVE = YES;
				CLANG_WARN_UNREACHABLE_CODE = YES;
				CLANG_WARN__DUPLICATE_METHOD_MATCH = YES;
				"CODE_SIGN_IDENTITY[sdk=iphoneos*]" = "iPhone Developer";
				COPY_PHASE_STRIP = NO;
				DEBUG_INFORMATION_FORMAT = "dwarf-with-dsym";
				ENABLE_STRICT_OBJC_MSGSEND = YES;
				ENABLE_TESTABILITY = YES;
				GCC_C_LANGUAGE_STANDARD = gnu99;
				GCC_DYNAMIC_NO_PIC = NO;
				GCC_NO_COMMON_BLOCKS = YES;
				GCC_OPTIMIZATION_LEVEL = 0;
				GCC_PREPROCESSOR_DEFINITIONS = (
					"DEBUG=1",
					"$(inherited)",
				);
				GCC_SYMBOLS_PRIVATE_EXTERN = NO;
				GCC_WARN_64_TO_32_BIT_CONVERSION = YES;
				GCC_WARN_ABOUT_RETURN_TYPE = YES_ERROR;
				GCC_WARN_UNDECLARED_SELECTOR = YES;
				GCC_WARN_UNINITIALIZED_AUTOS = YES_AGGRESSIVE;
				GCC_WARN_UNUSED_FUNCTION = YES;
				GCC_WARN_UNUSED_VARIABLE = YES;
				IPHONEOS_DEPLOYMENT_TARGET = 9.3;
				MTL_ENABLE_DEBUG_INFO = YES;
				ONLY_ACTIVE_ARCH = YES;
				SDKROOT = iphoneos;
				SWIFT_OPTIMIZATION_LEVEL = "-Onone";
			};
			name = Debug;
		};
		607FACEE1AFB9204008FA782 /* Release */ = {
			isa = XCBuildConfiguration;
			buildSettings = {
				ALWAYS_SEARCH_USER_PATHS = NO;
				CLANG_CXX_LANGUAGE_STANDARD = "gnu++0x";
				CLANG_CXX_LIBRARY = "libc++";
				CLANG_ENABLE_MODULES = YES;
				CLANG_ENABLE_OBJC_ARC = YES;
				CLANG_WARN_BLOCK_CAPTURE_AUTORELEASING = YES;
				CLANG_WARN_BOOL_CONVERSION = YES;
				CLANG_WARN_COMMA = YES;
				CLANG_WARN_CONSTANT_CONVERSION = YES;
				CLANG_WARN_DIRECT_OBJC_ISA_USAGE = YES_ERROR;
				CLANG_WARN_EMPTY_BODY = YES;
				CLANG_WARN_ENUM_CONVERSION = YES;
				CLANG_WARN_INFINITE_RECURSION = YES;
				CLANG_WARN_INT_CONVERSION = YES;
				CLANG_WARN_NON_LITERAL_NULL_CONVERSION = YES;
				CLANG_WARN_OBJC_LITERAL_CONVERSION = YES;
				CLANG_WARN_OBJC_ROOT_CLASS = YES_ERROR;
				CLANG_WARN_RANGE_LOOP_ANALYSIS = YES;
				CLANG_WARN_STRICT_PROTOTYPES = YES;
				CLANG_WARN_SUSPICIOUS_MOVE = YES;
				CLANG_WARN_UNREACHABLE_CODE = YES;
				CLANG_WARN__DUPLICATE_METHOD_MATCH = YES;
				"CODE_SIGN_IDENTITY[sdk=iphoneos*]" = "iPhone Developer";
				COPY_PHASE_STRIP = NO;
				DEBUG_INFORMATION_FORMAT = "dwarf-with-dsym";
				ENABLE_NS_ASSERTIONS = NO;
				ENABLE_STRICT_OBJC_MSGSEND = YES;
				GCC_C_LANGUAGE_STANDARD = gnu99;
				GCC_NO_COMMON_BLOCKS = YES;
				GCC_WARN_64_TO_32_BIT_CONVERSION = YES;
				GCC_WARN_ABOUT_RETURN_TYPE = YES_ERROR;
				GCC_WARN_UNDECLARED_SELECTOR = YES;
				GCC_WARN_UNINITIALIZED_AUTOS = YES_AGGRESSIVE;
				GCC_WARN_UNUSED_FUNCTION = YES;
				GCC_WARN_UNUSED_VARIABLE = YES;
				IPHONEOS_DEPLOYMENT_TARGET = 9.3;
				MTL_ENABLE_DEBUG_INFO = NO;
				SDKROOT = iphoneos;
				SWIFT_OPTIMIZATION_LEVEL = "-Owholemodule";
				VALIDATE_PRODUCT = YES;
			};
			name = Release;
		};
		607FACF01AFB9204008FA782 /* Debug */ = {
			isa = XCBuildConfiguration;
			baseConfigurationReference = 7B6D826F9B9DA9BA5DFBCEEA /* Pods-NNUtils_Example.debug.xcconfig */;
			buildSettings = {
				ASSETCATALOG_COMPILER_APPICON_NAME = AppIcon;
				INFOPLIST_FILE = NNUtils/Info.plist;
				LD_RUNPATH_SEARCH_PATHS = "$(inherited) @executable_path/Frameworks";
				MODULE_NAME = ExampleApp;
				PRODUCT_BUNDLE_IDENTIFIER = "org.cocoapods.demo.$(PRODUCT_NAME:rfc1034identifier)";
				PRODUCT_NAME = "$(TARGET_NAME)";
				SWIFT_VERSION = 5.0;
			};
			name = Debug;
		};
		607FACF11AFB9204008FA782 /* Release */ = {
			isa = XCBuildConfiguration;
			baseConfigurationReference = 53E164BC4F77A4ED02E5081C /* Pods-NNUtils_Example.release.xcconfig */;
			buildSettings = {
				ASSETCATALOG_COMPILER_APPICON_NAME = AppIcon;
				INFOPLIST_FILE = NNUtils/Info.plist;
				LD_RUNPATH_SEARCH_PATHS = "$(inherited) @executable_path/Frameworks";
				MODULE_NAME = ExampleApp;
				PRODUCT_BUNDLE_IDENTIFIER = "org.cocoapods.demo.$(PRODUCT_NAME:rfc1034identifier)";
				PRODUCT_NAME = "$(TARGET_NAME)";
				SWIFT_VERSION = 5.0;
			};
			name = Release;
		};
/* End XCBuildConfiguration section */

/* Begin XCConfigurationList section */
		607FACCB1AFB9204008FA782 /* Build configuration list for PBXProject "NNUtils" */ = {
			isa = XCConfigurationList;
			buildConfigurations = (
				607FACED1AFB9204008FA782 /* Debug */,
				607FACEE1AFB9204008FA782 /* Release */,
			);
			defaultConfigurationIsVisible = 0;
			defaultConfigurationName = Release;
		};
		607FACEF1AFB9204008FA782 /* Build configuration list for PBXNativeTarget "NNUtils_Example" */ = {
			isa = XCConfigurationList;
			buildConfigurations = (
				607FACF01AFB9204008FA782 /* Debug */,
				607FACF11AFB9204008FA782 /* Release */,
			);
			defaultConfigurationIsVisible = 0;
			defaultConfigurationName = Release;
		};
/* End XCConfigurationList section */
	};
	rootObject = 607FACC81AFB9204008FA782 /* Project object */;
}
